
Microsoft Visual Studio Solution File, Format Version 12.00
# Visual Studio Version 17
VisualStudioVersion = 17.5.002.0
MinimumVisualStudioVersion = 10.0.40219.1
Project("{9A19103F-16F7-4668-BE54-9A1E7A4F7556}") = "DesafioFundamentos", "DesafioFundamentos.csproj", "{477DBFDA-31C4-4791-847D-3CA69C2F3CBB}"
EndProject
Global
	GlobalSection(SolutionConfigurationPlatforms) = preSolution
		Debug|Any CPU = Debug|Any CPU
		Release|Any CPU = Release|Any CPU
	EndGlobalSection
	GlobalSection(ProjectConfigurationPlatforms) = postSolution
		{477DBFDA-31C4-4791-847D-3CA69C2F3CBB}.Debug|Any CPU.ActiveCfg = Debug|Any CPU
		{477DBFDA-31C4-4791-847D-3CA69C2F3CBB}.Debug|Any CPU.Build.0 = Debug|Any CPU
		{477DBFDA-31C4-4791-847D-3CA69C2F3CBB}.Release|Any CPU.ActiveCfg = Release|Any CPU
		{477DBFDA-31C4-4791-847D-3CA69C2F3CBB}.Release|Any CPU.Build.0 = Release|Any CPU
	EndGlobalSection
	GlobalSection(SolutionProperties) = preSolution
		HideSolutionNode = FALSE
	EndGlobalSection
	GlobalSection(ExtensibilityGlobals) = postSolution
		SolutionGuid = {1041ABBB-3387-46B7-8C94-334EF2627733}
	EndGlobalSection
EndGlobal
